hash: fada03e836c6608a930e2cb64e179b9014fa6b0e935b993210bbcb627503c6e7
updated: 2018-04-08T11:18:23.082842+08:00
imports:
- name: github.com/liuzheng/golog
  version: 011aa0099621a1a9d44b5e09241d09cbc422708d
- name: github.com/op/go-logging
  version: 970db520ece77730c7e4724c61121037378659d9
- name: github.com/spf13/pflag
  version: e57e3eeb33f795204c1ca35f56c44f83227c6e66
- name: gopkg.in/yaml.v2
  version: 5420a8b6744d3b0345ab293f6fcba19c978f1183
testImports: []
